// !$*UTF8*$!
{
	archiveVersion = 1;
	classes = {
	};
	objectVersion = 46;
	objects = {

/* Begin PBXBuildFile section */
		1CC0D0C018F2789500281157 /* AppWarp_iOS_SDK.framework in Frameworks */ = {isa = PBXBuildFile; fileRef = 1C90376318F27279009013A4 /* AppWarp_iOS_SDK.framework */; };
		1CC0D0C118F2789900281157 /* AppWarp_iOS_SDK.framework in Frameworks */ = {isa = PBXBuildFile; fileRef = 1C90376318F27279009013A4 /* AppWarp_iOS_SDK.framework */; };
		1CE02AE318C5AF97009C0A5F /* Foundation.framework in Frameworks */ = {isa = PBXBuildFile; fileRef = 1CE02AE218C5AF97009C0A5F /* Foundation.framework */; };
		1CE02AE518C5AF97009C0A5F /* CoreGraphics.framework in Frameworks */ = {isa = PBXBuildFile; fileRef = 1CE02AE418C5AF97009C0A5F /* CoreGraphics.framework */; };
		1CE02AE718C5AF97009C0A5F /* UIKit.framework in Frameworks */ = {isa = PBXBuildFile; fileRef = 1CE02AE618C5AF97009C0A5F /* UIKit.framework */; };
		1CE02AED18C5AF97009C0A5F /* InfoPlist.strings in Resources */ = {isa = PBXBuildFile; fileRef = 1CE02AEB18C5AF97009C0A5F /* InfoPlist.strings */; };
		1CE02AEF18C5AF97009C0A5F /* main.m in Sources */ = {isa = PBXBuildFile; fileRef = 1CE02AEE18C5AF97009C0A5F /* main.m */; };
		1CE02AF318C5AF97009C0A5F /* SampleAppDelegate.m in Sources */ = {isa = PBXBuildFile; fileRef = 1CE02AF218C5AF97009C0A5F /* SampleAppDelegate.m */; };
		1CE02AF618C5AF97009C0A5F /* Main_iPhone.storyboard in Resources */ = {isa = PBXBuildFile; fileRef = 1CE02AF418C5AF97009C0A5F /* Main_iPhone.storyboard */; };
		1CE02AFC18C5AF97009C0A5F /* SampleViewController.m in Sources */ = {isa = PBXBuildFile; fileRef = 1CE02AFB18C5AF97009C0A5F /* SampleViewController.m */; };
		1CE02AFE18C5AF97009C0A5F /* Images.xcassets in Resources */ = {isa = PBXBuildFile; fileRef = 1CE02AFD18C5AF97009C0A5F /* Images.xcassets */; };
		1CE02B0518C5AF97009C0A5F /* XCTest.framework in Frameworks */ = {isa = PBXBuildFile; fileRef = 1CE02B0418C5AF97009C0A5F /* XCTest.framework */; };
		1CE02B0618C5AF97009C0A5F /* Foundation.framework in Frameworks */ = {isa = PBXBuildFile; fileRef = 1CE02AE218C5AF97009C0A5F /* Foundation.framework */; };
		1CE02B0718C5AF97009C0A5F /* UIKit.framework in Frameworks */ = {isa = PBXBuildFile; fileRef = 1CE02AE618C5AF97009C0A5F /* UIKit.framework */; };
		1CE02B0F18C5AF97009C0A5F /* InfoPlist.strings in Resources */ = {isa = PBXBuildFile; fileRef = 1CE02B0D18C5AF97009C0A5F /* InfoPlist.strings */; };
		1CE02B1118C5AF97009C0A5F /* AppWarpChatDemoTests.m in Sources */ = {isa = PBXBuildFile; fileRef = 1CE02B1018C5AF97009C0A5F /* AppWarpChatDemoTests.m */; };
		1CFED43618C6FD7C003BD087 /* ChatViewController.m in Sources */ = {isa = PBXBuildFile; fileRef = 1CFED43518C6FD7C003BD087 /* ChatViewController.m */; };
		1CFED43B18C74C8C003BD087 /* Reachability.m in Sources */ = {isa = PBXBuildFile; fileRef = 1CFED43A18C74C8C003BD087 /* Reachability.m */; };
/* End PBXBuildFile section */

/* Begin PBXContainerItemProxy section */
		1CE02B0818C5AF97009C0A5F /* PBXContainerItemProxy */ = {
			isa = PBXContainerItemProxy;
			containerPortal = 1CE02AD718C5AF97009C0A5F /* Project object */;
			proxyType = 1;
			remoteGlobalIDString = 1CE02ADE18C5AF97009C0A5F;
			remoteInfo = AppWarpChatDemo;
		};
/* End PBXContainerItemProxy section */

/* Begin PBXFileReference section */
		1C90376318F27279009013A4 /* AppWarp_iOS_SDK.framework */ = {isa = PBXFileReference; lastKnownFileType = wrapper.framework; path = AppWarp_iOS_SDK.framework; sourceTree = "<group>"; };
		1CE02ADF18C5AF97009C0A5F /* AppWarpChatDemo.app */ = {isa = PBXFileReference; explicitFileType = wrapper.application; includeInIndex = 0; path = AppWarpChatDemo.app; sourceTree = BUILT_PRODUCTS_DIR; };
		1CE02AE218C5AF97009C0A5F /* Foundation.framework */ = {isa = PBXFileReference; lastKnownFileType = wrapper.framework; name = Foundation.framework; path = System/Library/Frameworks/Foundation.framework; sourceTree = SDKROOT; };
		1CE02AE418C5AF97009C0A5F /* CoreGraphics.framework */ = {isa = PBXFileReference; lastKnownFileType = wrapper.framework; name = CoreGraphics.framework; path = System/Library/Frameworks/CoreGraphics.framework; sourceTree = SDKROOT; };
		1CE02AE618C5AF97009C0A5F /* UIKit.framework */ = {isa = PBXFileReference; lastKnownFileType = wrapper.framework; name = UIKit.framework; path = System/Library/Frameworks/UIKit.framework; sourceTree = SDKROOT; };
		1CE02AEA18C5AF97009C0A5F /* AppWarpChatDemo-Info.plist */ = {isa = PBXFileReference; lastKnownFileType = text.plist.xml; path = "AppWarpChatDemo-Info.plist"; sourceTree = "<group>"; };
		1CE02AEC18C5AF97009C0A5F /* en */ = {isa = PBXFileReference; lastKnownFileType = text.plist.strings; name = en; path = en.lproj/InfoPlist.strings; sourceTree = "<group>"; };
		1CE02AEE18C5AF97009C0A5F /* main.m */ = {isa = PBXFileReference; lastKnownFileType = sourcecode.c.objc; path = main.m; sourceTree = "<group>"; };
		1CE02AF018C5AF97009C0A5F /* AppWarpChatDemo-Prefix.pch */ = {isa = PBXFileReference; lastKnownFileType = sourcecode.c.h; path = "AppWarpChatDemo-Prefix.pch"; sourceTree = "<group>"; };
		1CE02AF118C5AF97009C0A5F /* SampleAppDelegate.h */ = {isa = PBXFileReference; lastKnownFileType = sourcecode.c.h; path = SampleAppDelegate.h; sourceTree = "<group>"; };
		1CE02AF218C5AF97009C0A5F /* SampleAppDelegate.m */ = {isa = PBXFileReference; lastKnownFileType = sourcecode.c.objc; path = SampleAppDelegate.m; sourceTree = "<group>"; };
		1CE02AF518C5AF97009C0A5F /* Base */ = {isa = PBXFileReference; lastKnownFileType = file.storyboard; name = Base; path = Base.lproj/Main_iPhone.storyboard; sourceTree = "<group>"; };
		1CE02AFA18C5AF97009C0A5F /* SampleViewController.h */ = {isa = PBXFileReference; lastKnownFileType = sourcecode.c.h; path = SampleViewController.h; sourceTree = "<group>"; };
		1CE02AFB18C5AF97009C0A5F /* SampleViewController.m */ = {isa = PBXFileReference; lastKnownFileType = sourcecode.c.objc; path = SampleViewController.m; sourceTree = "<group>"; };
		1CE02AFD18C5AF97009C0A5F /* Images.xcassets */ = {isa = PBXFileReference; lastKnownFileType = folder.assetcatalog; path = Images.xcassets; sourceTree = "<group>"; };
		1CE02B0318C5AF97009C0A5F /* AppWarpChatDemoTests.xctest */ = {isa = PBXFileReference; explicitFileType = wrapper.cfbundle; includeInIndex = 0; path = AppWarpChatDemoTests.xctest; sourceTree = BUILT_PRODUCTS_DIR; };
		1CE02B0418C5AF97009C0A5F /* XCTest.framework */ = {isa = PBXFileReference; lastKnownFileType = wrapper.framework; name = XCTest.framework; path = Library/Frameworks/XCTest.framework; sourceTree = DEVELOPER_DIR; };
		1CE02B0C18C5AF97009C0A5F /* AppWarpChatDemoTests-Info.plist */ = {isa = PBXFileReference; lastKnownFileType = text.plist.xml; path = "AppWarpChatDemoTests-Info.plist"; sourceTree = "<group>"; };
		1CE02B0E18C5AF97009C0A5F /* en */ = {isa = PBXFileReference; lastKnownFileType = text.plist.strings; name = en; path = en.lproj/InfoPlist.strings; sourceTree = "<group>"; };
		1CE02B1018C5AF97009C0A5F /* AppWarpChatDemoTests.m */ = {isa = PBXFileReference; lastKnownFileType = sourcecode.c.objc; path = AppWarpChatDemoTests.m; sourceTree = "<group>"; };
		1CE02B1C18C5C86F009C0A5F /* Constants.h */ = {isa = PBXFileReference; lastKnownFileType = sourcecode.c.h; path = Constants.h; sourceTree = "<group>"; };
		1CFED43418C6FD7C003BD087 /* ChatViewController.h */ = {isa = PBXFileReference; fileEncoding = 4; lastKnownFileType = sourcecode.c.h; path = ChatViewController.h; sourceTree = "<group>"; };
		1CFED43518C6FD7C003BD087 /* ChatViewController.m */ = {isa = PBXFileReference; fileEncoding = 4; lastKnownFileType = sourcecode.c.objc; path = ChatViewController.m; sourceTree = "<group>"; };
		1CFED43918C74C8C003BD087 /* Reachability.h */ = {isa = PBXFileReference; fileEncoding = 4; lastKnownFileType = sourcecode.c.h; path = Reachability.h; sourceTree = "<group>"; };
		1CFED43A18C74C8C003BD087 /* Reachability.m */ = {isa = PBXFileReference; fileEncoding = 4; lastKnownFileType = sourcecode.c.objc; path = Reachability.m; sourceTree = "<group>"; };
/* End PBXFileReference section */

/* Begin PBXFrameworksBuildPhase section */
		1CE02ADC18C5AF97009C0A5F /* Frameworks */ = {
			isa = PBXFrameworksBuildPhase;
			buildActionMask = 2147483647;
			files = (
				1CC0D0C118F2789900281157 /* AppWarp_iOS_SDK.framework in Frameworks */,
				1CE02AE518C5AF97009C0A5F /* CoreGraphics.framework in Frameworks */,
				1CE02AE718C5AF97009C0A5F /* UIKit.framework in Frameworks */,
				1CE02AE318C5AF97009C0A5F /* Foundation.framework in Frameworks */,
			);
			runOnlyForDeploymentPostprocessing = 0;
		};
		1CE02B0018C5AF97009C0A5F /* Frameworks */ = {
			isa = PBXFrameworksBuildPhase;
			buildActionMask = 2147483647;
			files = (
				1CE02B0518C5AF97009C0A5F /* XCTest.framework in Frameworks */,
				1CE02B0718C5AF97009C0A5F /* UIKit.framework in Frameworks */,
				1CE02B0618C5AF97009C0A5F /* Foundation.framework in Frameworks */,
				1CC0D0C018F2789500281157 /* AppWarp_iOS_SDK.framework in Frameworks */,
			);
			runOnlyForDeploymentPostprocessing = 0;
		};
/* End PBXFrameworksBuildPhase section */

/* Begin PBXGroup section */
		1CE02AD618C5AF97009C0A5F = {
			isa = PBXGroup;
			children = (
				1CE02AE818C5AF97009C0A5F /* AppWarpChatDemo */,
				1CE02B0A18C5AF97009C0A5F /* AppWarpChatDemoTests */,
				1CE02AE118C5AF97009C0A5F /* Frameworks */,
				1CE02AE018C5AF97009C0A5F /* Products */,
			);
			sourceTree = "<group>";
		};
		1CE02AE018C5AF97009C0A5F /* Products */ = {
			isa = PBXGroup;
			children = (
				1CE02ADF18C5AF97009C0A5F /* AppWarpChatDemo.app */,
				1CE02B0318C5AF97009C0A5F /* AppWarpChatDemoTests.xctest */,
			);
			name = Products;
			sourceTree = "<group>";
		};
		1CE02AE118C5AF97009C0A5F /* Frameworks */ = {
			isa = PBXGroup;
			children = (
				1C90376318F27279009013A4 /* AppWarp_iOS_SDK.framework */,
				1CE02AE218C5AF97009C0A5F /* Foundation.framework */,
				1CE02AE418C5AF97009C0A5F /* CoreGraphics.framework */,
				1CE02AE618C5AF97009C0A5F /* UIKit.framework */,
				1CE02B0418C5AF97009C0A5F /* XCTest.framework */,
			);
			name = Frameworks;
			sourceTree = "<group>";
		};
		1CE02AE818C5AF97009C0A5F /* AppWarpChatDemo */ = {
			isa = PBXGroup;
			children = (
				1CE02AF118C5AF97009C0A5F /* SampleAppDelegate.h */,
				1CE02AF218C5AF97009C0A5F /* SampleAppDelegate.m */,
				1CE02AF418C5AF97009C0A5F /* Main_iPhone.storyboard */,
				1CE02AFA18C5AF97009C0A5F /* SampleViewController.h */,
				1CE02AFB18C5AF97009C0A5F /* SampleViewController.m */,
				1CFED43418C6FD7C003BD087 /* ChatViewController.h */,
				1CFED43518C6FD7C003BD087 /* ChatViewController.m */,
				1CE02B1C18C5C86F009C0A5F /* Constants.h */,
				1CFED43818C74C8C003BD087 /* Reachability */,
				1CE02AFD18C5AF97009C0A5F /* Images.xcassets */,
				1CE02AE918C5AF97009C0A5F /* Supporting Files */,
			);
			path = AppWarpChatDemo;
			sourceTree = "<group>";
		};
		1CE02AE918C5AF97009C0A5F /* Supporting Files */ = {
			isa = PBXGroup;
			children = (
				1CE02AEA18C5AF97009C0A5F /* AppWarpChatDemo-Info.plist */,
				1CE02AEB18C5AF97009C0A5F /* InfoPlist.strings */,
				1CE02AEE18C5AF97009C0A5F /* main.m */,
				1CE02AF018C5AF97009C0A5F /* AppWarpChatDemo-Prefix.pch */,
			);
			name = "Supporting Files";
			sourceTree = "<group>";
		};
		1CE02B0A18C5AF97009C0A5F /* AppWarpChatDemoTests */ = {
			isa = PBXGroup;
			children = (
				1CE02B1018C5AF97009C0A5F /* AppWarpChatDemoTests.m */,
				1CE02B0B18C5AF97009C0A5F /* Supporting Files */,
			);
			path = AppWarpChatDemoTests;
			sourceTree = "<group>";
		};
		1CE02B0B18C5AF97009C0A5F /* Supporting Files */ = {
			isa = PBXGroup;
			children = (
				1CE02B0C18C5AF97009C0A5F /* AppWarpChatDemoTests-Info.plist */,
				1CE02B0D18C5AF97009C0A5F /* InfoPlist.strings */,
			);
			name = "Supporting Files";
			sourceTree = "<group>";
		};
		1CFED43818C74C8C003BD087 /* Reachability */ = {
			isa = PBXGroup;
			children = (
				1CFED43918C74C8C003BD087 /* Reachability.h */,
				1CFED43A18C74C8C003BD087 /* Reachability.m */,
			);
			path = Reachability;
			sourceTree = "<group>";
		};
/* End PBXGroup section */

/* Begin PBXNativeTarget section */
		1CE02ADE18C5AF97009C0A5F /* AppWarpChatDemo */ = {
			isa = PBXNativeTarget;
			buildConfigurationList = 1CE02B1418C5AF97009C0A5F /* Build configuration list for PBXNativeTarget "AppWarpChatDemo" */;
			buildPhases = (
				1CE02ADB18C5AF97009C0A5F /* Sources */,
				1CE02ADC18C5AF97009C0A5F /* Frameworks */,
				1CE02ADD18C5AF97009C0A5F /* Resources */,
			);
			buildRules = (
			);
			dependencies = (
			);
			name = AppWarpChatDemo;
			productName = AppWarpChatDemo;
			productReference = 1CE02ADF18C5AF97009C0A5F /* AppWarpChatDemo.app */;
			productType = "com.apple.product-type.application";
		};
		1CE02B0218C5AF97009C0A5F /* AppWarpChatDemoTests */ = {
			isa = PBXNativeTarget;
			buildConfigurationList = 1CE02B1718C5AF97009C0A5F /* Build configuration list for PBXNativeTarget "AppWarpChatDemoTests" */;
			buildPhases = (
				1CE02AFF18C5AF97009C0A5F /* Sources */,
				1CE02B0018C5AF97009C0A5F /* Frameworks */,
				1CE02B0118C5AF97009C0A5F /* Resources */,
			);
			buildRules = (
			);
			dependencies = (
				1CE02B0918C5AF97009C0A5F /* PBXTargetDependency */,
			);
			name = AppWarpChatDemoTests;
			productName = AppWarpChatDemoTests;
			productReference = 1CE02B0318C5AF97009C0A5F /* AppWarpChatDemoTests.xctest */;
			productType = "com.apple.product-type.bundle.unit-test";
		};
/* End PBXNativeTarget section */

/* Begin PBXProject section */
		1CE02AD718C5AF97009C0A5F /* Project object */ = {
			isa = PBXProject;
			attributes = {
				CLASSPREFIX = Sample;
				LastUpgradeCheck = 0500;
				ORGANIZATIONNAME = "Nitin Gupta";
				TargetAttributes = {
					1CE02B0218C5AF97009C0A5F = {
						TestTargetID = 1CE02ADE18C5AF97009C0A5F;
					};
				};
			};
			buildConfigurationList = 1CE02ADA18C5AF97009C0A5F /* Build configuration list for PBXProject "AppWarpChatDemo" */;
			compatibilityVersion = "Xcode 3.2";
			developmentRegion = English;
			hasScannedForEncodings = 0;
			knownRegions = (
				en,
				Base,
			);
			mainGroup = 1CE02AD618C5AF97009C0A5F;
			productRefGroup = 1CE02AE018C5AF97009C0A5F /* Products */;
			projectDirPath = "";
			projectRoot = "";
			targets = (
				1CE02ADE18C5AF97009C0A5F /* AppWarpChatDemo */,
				1CE02B0218C5AF97009C0A5F /* AppWarpChatDemoTests */,
			);
		};
/* End PBXProject section */

/* Begin PBXResourcesBuildPhase section */
		1CE02ADD18C5AF97009C0A5F /* Resources */ = {
			isa = PBXResourcesBuildPhase;
			buildActionMask = 2147483647;
			files = (
				1CE02AFE18C5AF97009C0A5F /* Images.xcassets in Resources */,
				1CE02AF618C5AF97009C0A5F /* Main_iPhone.storyboard in Resources */,
				1CE02AED18C5AF97009C0A5F /* InfoPlist.strings in Resources */,
			);
			runOnlyForDeploymentPostprocessing = 0;
		};
		1CE02B0118C5AF97009C0A5F /* Resources */ = {
			isa = PBXResourcesBuildPhase;
			buildActionMask = 2147483647;
			files = (
				1CE02B0F18C5AF97009C0A5F /* InfoPlist.strings in Resources */,
			);
			runOnlyForDeploymentPostprocessing = 0;
		};
/* End PBXResourcesBuildPhase section */

/* Begin PBXSourcesBuildPhase section */
		1CE02ADB18C5AF97009C0A5F /* Sources */ = {
			isa = PBXSourcesBuildPhase;
			buildActionMask = 2147483647;
			files = (
				1CE02AF318C5AF97009C0A5F /* SampleAppDelegate.m in Sources */,
				1CE02AEF18C5AF97009C0A5F /* main.m in Sources */,
				1CFED43618C6FD7C003BD087 /* ChatViewController.m in Sources */,
				1CE02AFC18C5AF97009C0A5F /* SampleViewController.m in Sources */,
				1CFED43B18C74C8C003BD087 /* Reachability.m in Sources */,
			);
			runOnlyForDeploymentPostprocessing = 0;
		};
		1CE02AFF18C5AF97009C0A5F /* Sources */ = {
			isa = PBXSourcesBuildPhase;
			buildActionMask = 2147483647;
			files = (
				1CE02B1118C5AF97009C0A5F /* AppWarpChatDemoTests.m in Sources */,
			);
			runOnlyForDeploymentPostprocessing = 0;
		};
/* End PBXSourcesBuildPhase section */

/* Begin PBXTargetDependency section */
		1CE02B0918C5AF97009C0A5F /* PBXTargetDependency */ = {
			isa = PBXTargetDependency;
			target = 1CE02ADE18C5AF97009C0A5F /* AppWarpChatDemo */;
			targetProxy = 1CE02B0818C5AF97009C0A5F /* PBXContainerItemProxy */;
		};
/* End PBXTargetDependency section */

/* Begin PBXVariantGroup section */
		1CE02AEB18C5AF97009C0A5F /* InfoPlist.strings */ = {
			isa = PBXVariantGroup;
			children = (
				1CE02AEC18C5AF97009C0A5F /* en */,
			);
			name = InfoPlist.strings;
			sourceTree = "<group>";
		};
		1CE02AF418C5AF97009C0A5F /* Main_iPhone.storyboard */ = {
			isa = PBXVariantGroup;
			children = (
				1CE02AF518C5AF97009C0A5F /* Base */,
			);
			name = Main_iPhone.storyboard;
			sourceTree = "<group>";
		};
		1CE02B0D18C5AF97009C0A5F /* InfoPlist.strings */ = {
			isa = PBXVariantGroup;
			children = (
				1CE02B0E18C5AF97009C0A5F /* en */,
			);
			name = InfoPlist.strings;
			sourceTree = "<group>";
		};
/* End PBXVariantGroup section */

/* Begin XCBuildConfiguration section */
		1CE02B1218C5AF97009C0A5F /* Debug */ = {
			isa = XCBuildConfiguration;
			buildSettings = {
				ALWAYS_SEARCH_USER_PATHS = NO;
				ARCHS = "$(ARCHS_STANDARD_INCLUDING_64_BIT)";
				CLANG_CXX_LANGUAGE_STANDARD = "gnu++0x";
				CLANG_CXX_LIBRARY = "libc++";
				CLANG_ENABLE_MODULES = YES;
				CLANG_ENABLE_OBJC_ARC = YES;
				CLANG_WARN_BOOL_CONVERSION = YES;
				CLANG_WARN_CONSTANT_CONVERSION = YES;
				CLANG_WARN_DIRECT_OBJC_ISA_USAGE = YES_ERROR;
				CLANG_WARN_EMPTY_BODY = YES;
				CLANG_WARN_ENUM_CONVERSION = YES;
				CLANG_WARN_INT_CONVERSION = YES;
				CLANG_WARN_OBJC_ROOT_CLASS = YES_ERROR;
				CLANG_WARN__DUPLICATE_METHOD_MATCH = YES;
				"CODE_SIGN_IDENTITY[sdk=iphoneos*]" = "";
				COPY_PHASE_STRIP = NO;
				GCC_C_LANGUAGE_STANDARD = gnu99;
				GCC_DYNAMIC_NO_PIC = NO;
				GCC_OPTIMIZATION_LEVEL = 0;
				GCC_PREPROCESSOR_DEFINITIONS = (
					"DEBUG=1",
					"$(inherited)",
				);
				GCC_SYMBOLS_PRIVATE_EXTERN = NO;
				GCC_WARN_64_TO_32_BIT_CONVERSION = YES;
				GCC_WARN_ABOUT_RETURN_TYPE = YES_ERROR;
				GCC_WARN_UNDECLARED_SELECTOR = YES;
				GCC_WARN_UNINITIALIZED_AUTOS = YES;
				GCC_WARN_UNUSED_FUNCTION = YES;
				GCC_WARN_UNUSED_VARIABLE = YES;
				IPHONEOS_DEPLOYMENT_TARGET = 7.0;
				ONLY_ACTIVE_ARCH = YES;
				PROVISIONING_PROFILE = "8AD1170A-44E3-483B-A5AF-DD1A1306546C";
				SDKROOT = iphoneos;
				TARGETED_DEVICE_FAMILY = "1,2";
			};
			name = Debug;
		};
		1CE02B1318C5AF97009C0A5F /* Release */ = {
			isa = XCBuildConfiguration;
			buildSettings = {
				ALWAYS_SEARCH_USER_PATHS = NO;
				ARCHS = "$(ARCHS_STANDARD_INCLUDING_64_BIT)";
				CLANG_CXX_LANGUAGE_STANDARD = "gnu++0x";
				CLANG_CXX_LIBRARY = "libc++";
				CLANG_ENABLE_MODULES = YES;
				CLANG_ENABLE_OBJC_ARC = YES;
				CLANG_WARN_BOOL_CONVERSION = YES;
				CLANG_WARN_CONSTANT_CONVERSION = YES;
				CLANG_WARN_DIRECT_OBJC_ISA_USAGE = YES_ERROR;
				CLANG_WARN_EMPTY_BODY = YES;
				CLANG_WARN_ENUM_CONVERSION = YES;
				CLANG_WARN_INT_CONVERSION = YES;
				CLANG_WARN_OBJC_ROOT_CLASS = YES_ERROR;
				CLANG_WARN__DUPLICATE_METHOD_MATCH = YES;
				"CODE_SIGN_IDENTITY[sdk=iphoneos*]" = "";
				COPY_PHASE_STRIP = YES;
				ENABLE_NS_ASSERTIONS = NO;
				GCC_C_LANGUAGE_STANDARD = gnu99;
				GCC_WARN_64_TO_32_BIT_CONVERSION = YES;
				GCC_WARN_ABOUT_RETURN_TYPE = YES_ERROR;
				GCC_WARN_UNDECLARED_SELECTOR = YES;
				GCC_WARN_UNINITIALIZED_AUTOS = YES;
				GCC_WARN_UNUSED_FUNCTION = YES;
				GCC_WARN_UNUSED_VARIABLE = YES;
				IPHONEOS_DEPLOYMENT_TARGET = 7.0;
				PROVISIONING_PROFILE = "8AD1170A-44E3-483B-A5AF-DD1A1306546C";
				SDKROOT = iphoneos;
				TARGETED_DEVICE_FAMILY = "1,2";
				VALIDATE_PRODUCT = YES;
			};
			name = Release;
		};
		1CE02B1518C5AF97009C0A5F /* Debug */ = {
			isa = XCBuildConfiguration;
			buildSettings = {
				ASSETCATALOG_COMPILER_APPICON_NAME = AppIcon;
				ASSETCATALOG_COMPILER_LAUNCHIMAGE_NAME = LaunchImage;
				"CODE_SIGN_IDENTITY[sdk=iphoneos*]" = "";
				FRAMEWORK_SEARCH_PATHS = (
					"$(inherited)",
					/Users/siddharthachandurkar/Desktop/AppWarpChatDemo,
					"/Users/siddharthachandurkar/Documents/AppWarp-Chat-Application/AppWarpChatDemo",
					"/Users/siddharthachandurkar/Desktop/S2\\ Chat\\ Demo/AppWarpChatDemo",
					"/Users/siddharthachandurkar/Desktop/My\\ Repo/AppWarpS2Public/Samples/ChatDemo/iOSChatClient",
				);
				GCC_PRECOMPILE_PREFIX_HEADER = YES;
				GCC_PREFIX_HEADER = "AppWarpChatDemo/AppWarpChatDemo-Prefix.pch";
				INFOPLIST_FILE = "AppWarpChatDemo/AppWarpChatDemo-Info.plist";
				IPHONEOS_DEPLOYMENT_TARGET = 6.0;
				PRODUCT_NAME = "$(TARGET_NAME)";
				PROVISIONING_PROFILE = "8AD1170A-44E3-483B-A5AF-DD1A1306546C";
				TARGETED_DEVICE_FAMILY = 1;
				WRAPPER_EXTENSION = app;
			};
			name = Debug;
		};
		1CE02B1618C5AF97009C0A5F /* Release */ = {
			isa = XCBuildConfiguration;
			buildSettings = {
				ASSETCATALOG_COMPILER_APPICON_NAME = AppIcon;
				ASSETCATALOG_COMPILER_LAUNCHIMAGE_NAME = LaunchImage;
				"CODE_SIGN_IDENTITY[sdk=iphoneos*]" = "";
				FRAMEWORK_SEARCH_PATHS = (
					"$(inherited)",
					/Users/siddharthachandurkar/Desktop/AppWarpChatDemo,
					"/Users/siddharthachandurkar/Documents/AppWarp-Chat-Application/AppWarpChatDemo",
					"/Users/siddharthachandurkar/Desktop/S2\\ Chat\\ Demo/AppWarpChatDemo",
					"/Users/siddharthachandurkar/Desktop/My\\ Repo/AppWarpS2Public/Samples/ChatDemo/iOSChatClient",
				);
				GCC_PRECOMPILE_PREFIX_HEADER = YES;
				GCC_PREFIX_HEADER = "AppWarpChatDemo/AppWarpChatDemo-Prefix.pch";
				INFOPLIST_FILE = "AppWarpChatDemo/AppWarpChatDemo-Info.plist";
				IPHONEOS_DEPLOYMENT_TARGET = 6.0;
				PRODUCT_NAME = "$(TARGET_NAME)";
				PROVISIONING_PROFILE = "8AD1170A-44E3-483B-A5AF-DD1A1306546C";
				TARGETED_DEVICE_FAMILY = 1;
				WRAPPER_EXTENSION = app;
			};
			name = Release;
		};
		1CE02B1818C5AF97009C0A5F /* Debug */ = {
			isa = XCBuildConfiguration;
			buildSettings = {
				ARCHS = "$(ARCHS_STANDARD_INCLUDING_64_BIT)";
				BUNDLE_LOADER = "$(BUILT_PRODUCTS_DIR)/AppWarpChatDemo.app/AppWarpChatDemo";
				FRAMEWORK_SEARCH_PATHS = (
					"$(SDKROOT)/Developer/Library/Frameworks",
					"$(inherited)",
					"$(DEVELOPER_FRAMEWORKS_DIR)",
					"/Users/siddharthachandurkar/Desktop/My\\ Repo/AppWarpS2Public/Samples/ChatDemo/iOSChatClient",
				);
				GCC_PRECOMPILE_PREFIX_HEADER = YES;
				GCC_PREFIX_HEADER = "AppWarpChatDemo/AppWarpChatDemo-Prefix.pch";
				GCC_PREPROCESSOR_DEFINITIONS = (
					"DEBUG=1",
					"$(inherited)",
				);
				INFOPLIST_FILE = "AppWarpChatDemoTests/AppWarpChatDemoTests-Info.plist";
				PRODUCT_NAME = "$(TARGET_NAME)";
				TEST_HOST = "$(BUNDLE_LOADER)";
				WRAPPER_EXTENSION = xctest;
			};
			name = Debug;
		};
		1CE02B1918C5AF97009C0A5F /* Release */ = {
			isa = XCBuildConfiguration;
			buildSettings = {
				ARCHS = "$(ARCHS_STANDARD_INCLUDING_64_BIT)";
				BUNDLE_LOADER = "$(BUILT_PRODUCTS_DIR)/AppWarpChatDemo.app/AppWarpChatDemo";
				FRAMEWORK_SEARCH_PATHS = (
					"$(SDKROOT)/Developer/Library/Frameworks",
					"$(inherited)",
					"$(DEVELOPER_FRAMEWORKS_DIR)",
					"/Users/siddharthachandurkar/Desktop/My\\ Repo/AppWarpS2Public/Samples/ChatDemo/iOSChatClient",
				);
				GCC_PRECOMPILE_PREFIX_HEADER = YES;
				GCC_PREFIX_HEADER = "AppWarpChatDemo/AppWarpChatDemo-Prefix.pch";
				INFOPLIST_FILE = "AppWarpChatDemoTests/AppWarpChatDemoTests-Info.plist";
				PRODUCT_NAME = "$(TARGET_NAME)";
				TEST_HOST = "$(BUNDLE_LOADER)";
				WRAPPER_EXTENSION = xctest;
			};
			name = Release;
		};
/* End XCBuildConfiguration section */

/* Begin XCConfigurationList section */
		1CE02ADA18C5AF97009C0A5F /* Build configuration list for PBXProject "AppWarpChatDemo" */ = {
			isa = XCConfigurationList;
			buildConfigurations = (
				1CE02B1218C5AF97009C0A5F /* Debug */,
				1CE02B1318C5AF97009C0A5F /* Release */,
			);
			defaultConfigurationIsVisible = 0;
			defaultConfigurationName = Release;
		};
		1CE02B1418C5AF97009C0A5F /* Build configuration list for PBXNativeTarget "AppWarpChatDemo" */ = {
			isa = XCConfigurationList;
			buildConfigurations = (
				1CE02B1518C5AF97009C0A5F /* Debug */,
				1CE02B1618C5AF97009C0A5F /* Release */,
			);
			defaultConfigurationIsVisible = 0;
			defaultConfigurationName = Release;
		};
		1CE02B1718C5AF97009C0A5F /* Build configuration list for PBXNativeTarget "AppWarpChatDemoTests" */ = {
			isa = XCConfigurationList;
			buildConfigurations = (
				1CE02B1818C5AF97009C0A5F /* Debug */,
				1CE02B1918C5AF97009C0A5F /* Release */,
			);
			defaultConfigurationIsVisible = 0;
			defaultConfigurationName = Release;
		};
/* End XCConfigurationList section */
	};
	rootObject = 1CE02AD718C5AF97009C0A5F /* Project object */;
}
